{
	"name": "@permutable/button",
	"version": "0.0.0",
	"lockfileVersion": 1,
	"requires": true,
	"dependencies": {
		"@happycat/css": {
			"version": "0.0.10",
			"resolved": "https://registry.npmjs.org/@happycat/css/-/css-0.0.10.tgz",
			"integrity": "sha512-fagLkViITuZ4RD4Q5zUmyF6RE70MppL34yqNWpR4QOv8Df+cxnhSu+yyAD/WahsL5+HGJG86aB3OInJnl4zhew=="
		}
	}
}
