{
  "name": "@permutable/program-harmonic",
  "version": "0.0.0",
  "lockfileVersion": 1,
  "requires": true,
  "dependencies": {
    "regl": {
      "version": "1.3.7",
      "resolved": "https://registry.npmjs.org/regl/-/regl-1.3.7.tgz",
      "integrity": "sha512-Uf005fU6C+VsYomGEOtDhpn6aiisljsJEG6CoGTgNnV5W28hDNDR3Xw9scAkx9X1JoZ/otYODztVWZpQNyJWcA=="
    }
  }
}
