{
	"name": "@permutable/events",
	"version": "0.0.0",
	"lockfileVersion": 1,
	"requires": true,
	"dependencies": {
		"kefir": {
			"version": "3.8.5",
			"resolved": "https://registry.npmjs.org/kefir/-/kefir-3.8.5.tgz",
			"integrity": "sha512-u4UxHyIvdOOM62Y/yAtYPeYEg/yUfwl5/QF3ksrTRxEdhpa7LAFChntZxVqbcf0gCGblZzL/JnV/gZYWOps3Qw==",
			"requires": {
				"symbol-observable": "1.0.4"
			}
		},
		"symbol-observable": {
			"version": "1.0.4",
			"resolved": "https://registry.npmjs.org/symbol-observable/-/symbol-observable-1.0.4.tgz",
			"integrity": "sha1-Kb9hXUqnEhvdiYsi1LP5vE4qoD0="
		}
	}
}
